
Microsoft Visual Studio Solution File, Format Version 12.00
# Visual Studio Version 16
VisualStudioVersion = 16.0.32510.428
MinimumVisualStudioVersion = 10.0.40219.1
Project("{FAE04EC0-301F-11D3-BF4B-00C04F79EFBC}") = "ConsoleApp12", "ConsoleApp12\ConsoleApp12.csproj", "{265F5540-5BD7-4652-8F80-02621E50474B}"
EndProject
Global
	GlobalSection(SolutionConfigurationPlatforms) = preSolution
		Debug|Any CPU = Debug|Any CPU
		Release|Any CPU = Release|Any CPU
	EndGlobalSection
	GlobalSection(ProjectConfigurationPlatforms) = postSolution
		{265F5540-5BD7-4652-8F80-02621E50474B}.Debug|Any CPU.ActiveCfg = Debug|Any CPU
		{265F5540-5BD7-4652-8F80-02621E50474B}.Debug|Any CPU.Build.0 = Debug|Any CPU
		{265F5540-5BD7-4652-8F80-02621E50474B}.Release|Any CPU.ActiveCfg = Release|Any CPU
		{265F5540-5BD7-4652-8F80-02621E50474B}.Release|Any CPU.Build.0 = Release|Any CPU
	EndGlobalSection
	GlobalSection(SolutionProperties) = preSolution
		HideSolutionNode = FALSE
	EndGlobalSection
	GlobalSection(ExtensibilityGlobals) = postSolution
		SolutionGuid = {92304C6F-2F7E-4496-AC14-BA15640949F0}
	EndGlobalSection
EndGlobal
