
Microsoft Visual Studio Solution File, Format Version 12.00
# Visual Studio Version 16
VisualStudioVersion = 16.0.32510.428
MinimumVisualStudioVersion = 10.0.40219.1
Project("{FAE04EC0-301F-11D3-BF4B-00C04F79EFBC}") = "ConsoleApp15", "ConsoleApp15\ConsoleApp15.csproj", "{631B4195-7774-474A-82CB-EC569436F784}"
EndProject
Global
	GlobalSection(SolutionConfigurationPlatforms) = preSolution
		Debug|Any CPU = Debug|Any CPU
		Release|Any CPU = Release|Any CPU
	EndGlobalSection
	GlobalSection(ProjectConfigurationPlatforms) = postSolution
		{631B4195-7774-474A-82CB-EC569436F784}.Debug|Any CPU.ActiveCfg = Debug|Any CPU
		{631B4195-7774-474A-82CB-EC569436F784}.Debug|Any CPU.Build.0 = Debug|Any CPU
		{631B4195-7774-474A-82CB-EC569436F784}.Release|Any CPU.ActiveCfg = Release|Any CPU
		{631B4195-7774-474A-82CB-EC569436F784}.Release|Any CPU.Build.0 = Release|Any CPU
	EndGlobalSection
	GlobalSection(SolutionProperties) = preSolution
		HideSolutionNode = FALSE
	EndGlobalSection
	GlobalSection(ExtensibilityGlobals) = postSolution
		SolutionGuid = {36B21F04-F850-48E8-9E44-230CC71876CF}
	EndGlobalSection
EndGlobal
